// !$*UTF8*$!
{
	archiveVersion = 1;
	classes = {
	};
	objectVersion = 50;
	objects = {

/* Begin PBXBuildFile section */
		66966D70E2F708E6D99B7A22 /* Pods_Cryptocurrency_Ticker.framework in Frameworks */ = {isa = PBXBuildFile; fileRef = FDC4BC3DB6A79106DC5B250F /* Pods_Cryptocurrency_Ticker.framework */; };
		C881898920B6CCF7005373B4 /* AppDelegate.swift in Sources */ = {isa = PBXBuildFile; fileRef = C881898820B6CCF7005373B4 /* AppDelegate.swift */; };
		C881898B20B6CCF7005373B4 /* ViewController.swift in Sources */ = {isa = PBXBuildFile; fileRef = C881898A20B6CCF7005373B4 /* ViewController.swift */; };
		C881898E20B6CCF7005373B4 /* Main.storyboard in Resources */ = {isa = PBXBuildFile; fileRef = C881898C20B6CCF7005373B4 /* Main.storyboard */; };
		C881899020B6CCF7005373B4 /* Assets.xcassets in Resources */ = {isa = PBXBuildFile; fileRef = C881898F20B6CCF7005373B4 /* Assets.xcassets */; };
		C881899320B6CCF7005373B4 /* LaunchScreen.storyboard in Resources */ = {isa = PBXBuildFile; fileRef = C881899120B6CCF7005373B4 /* LaunchScreen.storyboard */; };
/* End PBXBuildFile section */

/* Begin PBXFileReference section */
		58DA8EB6AB2186BE52CF7092 /* Pods-Cryptocurrency Ticker.release.xcconfig */ = {isa = PBXFileReference; includeInIndex = 1; lastKnownFileType = text.xcconfig; name = "Pods-Cryptocurrency Ticker.release.xcconfig"; path = "Pods/Target Support Files/Pods-Cryptocurrency Ticker/Pods-Cryptocurrency Ticker.release.xcconfig"; sourceTree = "<group>"; };
		C881898520B6CCF7005373B4 /* Cryptocurrency Ticker.app */ = {isa = PBXFileReference; explicitFileType = wrapper.application; includeInIndex = 0; path = "Cryptocurrency Ticker.app"; sourceTree = BUILT_PRODUCTS_DIR; };
		C881898820B6CCF7005373B4 /* AppDelegate.swift */ = {isa = PBXFileReference; lastKnownFileType = sourcecode.swift; path = AppDelegate.swift; sourceTree = "<group>"; };
		C881898A20B6CCF7005373B4 /* ViewController.swift */ = {isa = PBXFileReference; lastKnownFileType = sourcecode.swift; path = ViewController.swift; sourceTree = "<group>"; };
		C881898D20B6CCF7005373B4 /* Base */ = {isa = PBXFileReference; lastKnownFileType = file.storyboard; name = Base; path = Base.lproj/Main.storyboard; sourceTree = "<group>"; };
		C881898F20B6CCF7005373B4 /* Assets.xcassets */ = {isa = PBXFileReference; lastKnownFileType = folder.assetcatalog; path = Assets.xcassets; sourceTree = "<group>"; };
		C881899220B6CCF7005373B4 /* Base */ = {isa = PBXFileReference; lastKnownFileType = file.storyboard; name = Base; path = Base.lproj/LaunchScreen.storyboard; sourceTree = "<group>"; };
		C881899420B6CCF7005373B4 /* Info.plist */ = {isa = PBXFileReference; lastKnownFileType = text.plist.xml; path = Info.plist; sourceTree = "<group>"; };
		F8835F43DB7CF60B8F062811 /* Pods-Cryptocurrency Ticker.debug.xcconfig */ = {isa = PBXFileReference; includeInIndex = 1; lastKnownFileType = text.xcconfig; name = "Pods-Cryptocurrency Ticker.debug.xcconfig"; path = "Pods/Target Support Files/Pods-Cryptocurrency Ticker/Pods-Cryptocurrency Ticker.debug.xcconfig"; sourceTree = "<group>"; };
		FDC4BC3DB6A79106DC5B250F /* Pods_Cryptocurrency_Ticker.framework */ = {isa = PBXFileReference; explicitFileType = wrapper.framework; includeInIndex = 0; path = Pods_Cryptocurrency_Ticker.framework; sourceTree = BUILT_PRODUCTS_DIR; };
/* End PBXFileReference section */

/* Begin PBXFrameworksBuildPhase section */
		C881898220B6CCF7005373B4 /* Frameworks */ = {
			isa = PBXFrameworksBuildPhase;
			buildActionMask = 2147483647;
			files = (
				66966D70E2F708E6D99B7A22 /* Pods_Cryptocurrency_Ticker.framework in Frameworks */,
			);
			runOnlyForDeploymentPostprocessing = 0;
		};
/* End PBXFrameworksBuildPhase section */

/* Begin PBXGroup section */
		0F2CB970857A8BB251CF3DC9 /* Frameworks */ = {
			isa = PBXGroup;
			children = (
				FDC4BC3DB6A79106DC5B250F /* Pods_Cryptocurrency_Ticker.framework */,
			);
			name = Frameworks;
			sourceTree = "<group>";
		};
		80D9F53D84A0D36370971366 /* Pods */ = {
			isa = PBXGroup;
			children = (
				F8835F43DB7CF60B8F062811 /* Pods-Cryptocurrency Ticker.debug.xcconfig */,
				58DA8EB6AB2186BE52CF7092 /* Pods-Cryptocurrency Ticker.release.xcconfig */,
			);
			name = Pods;
			sourceTree = "<group>";
		};
		C881897C20B6CCF6005373B4 = {
			isa = PBXGroup;
			children = (
				C881898720B6CCF7005373B4 /* Cryptocurrency Ticker */,
				C881898620B6CCF7005373B4 /* Products */,
				80D9F53D84A0D36370971366 /* Pods */,
				0F2CB970857A8BB251CF3DC9 /* Frameworks */,
			);
			sourceTree = "<group>";
		};
		C881898620B6CCF7005373B4 /* Products */ = {
			isa = PBXGroup;
			children = (
				C881898520B6CCF7005373B4 /* Cryptocurrency Ticker.app */,
			);
			name = Products;
			sourceTree = "<group>";
		};
		C881898720B6CCF7005373B4 /* Cryptocurrency Ticker */ = {
			isa = PBXGroup;
			children = (
				C881898820B6CCF7005373B4 /* AppDelegate.swift */,
				C881898A20B6CCF7005373B4 /* ViewController.swift */,
				C881898C20B6CCF7005373B4 /* Main.storyboard */,
				C881898F20B6CCF7005373B4 /* Assets.xcassets */,
				C881899120B6CCF7005373B4 /* LaunchScreen.storyboard */,
				C881899420B6CCF7005373B4 /* Info.plist */,
			);
			path = "Cryptocurrency Ticker";
			sourceTree = "<group>";
		};
/* End PBXGroup section */

/* Begin PBXNativeTarget section */
		C881898420B6CCF7005373B4 /* Cryptocurrency Ticker */ = {
			isa = PBXNativeTarget;
			buildConfigurationList = C881899720B6CCF7005373B4 /* Build configuration list for PBXNativeTarget "Cryptocurrency Ticker" */;
			buildPhases = (
				B08302CB0290D0AD55A86B2F /* [CP] Check Pods Manifest.lock */,
				C881898120B6CCF7005373B4 /* Sources */,
				C881898220B6CCF7005373B4 /* Frameworks */,
				C881898320B6CCF7005373B4 /* Resources */,
				0B388EB63CCBBF9CC6015367 /* [CP] Embed Pods Frameworks */,
			);
			buildRules = (
			);
			dependencies = (
			);
			name = "Cryptocurrency Ticker";
			productName = "Cryptocurrency Ticker";
			productReference = C881898520B6CCF7005373B4 /* Cryptocurrency Ticker.app */;
			productType = "com.apple.product-type.application";
		};
/* End PBXNativeTarget section */

/* Begin PBXProject section */
		C881897D20B6CCF6005373B4 /* Project object */ = {
			isa = PBXProject;
			attributes = {
				LastSwiftUpdateCheck = 0930;
				LastUpgradeCheck = 0930;
				ORGANIZATIONNAME = "Liroy Yarimi";
				TargetAttributes = {
					C881898420B6CCF7005373B4 = {
						CreatedOnToolsVersion = 9.3.1;
					};
				};
			};
			buildConfigurationList = C881898020B6CCF6005373B4 /* Build configuration list for PBXProject "Cryptocurrency Ticker" */;
			compatibilityVersion = "Xcode 9.3";
			developmentRegion = en;
			hasScannedForEncodings = 0;
			knownRegions = (
				en,
				Base,
			);
			mainGroup = C881897C20B6CCF6005373B4;
			productRefGroup = C881898620B6CCF7005373B4 /* Products */;
			projectDirPath = "";
			projectRoot = "";
			targets = (
				C881898420B6CCF7005373B4 /* Cryptocurrency Ticker */,
			);
		};
/* End PBXProject section */

/* Begin PBXResourcesBuildPhase section */
		C881898320B6CCF7005373B4 /* Resources */ = {
			isa = PBXResourcesBuildPhase;
			buildActionMask = 2147483647;
			files = (
				C881899320B6CCF7005373B4 /* LaunchScreen.storyboard in Resources */,
				C881899020B6CCF7005373B4 /* Assets.xcassets in Resources */,
				C881898E20B6CCF7005373B4 /* Main.storyboard in Resources */,
			);
			runOnlyForDeploymentPostprocessing = 0;
		};
/* End PBXResourcesBuildPhase section */

/* Begin PBXShellScriptBuildPhase section */
		0B388EB63CCBBF9CC6015367 /* [CP] Embed Pods Frameworks */ = {
			isa = PBXShellScriptBuildPhase;
			buildActionMask = 2147483647;
			files = (
			);
			inputPaths = (
				"${SRCROOT}/Pods/Target Support Files/Pods-Cryptocurrency Ticker/Pods-Cryptocurrency Ticker-frameworks.sh",
				"${BUILT_PRODUCTS_DIR}/Alamofire/Alamofire.framework",
				"${BUILT_PRODUCTS_DIR}/SVProgressHUD/SVProgressHUD.framework",
				"${BUILT_PRODUCTS_DIR}/SwiftyJSON/SwiftyJSON.framework",
			);
			name = "[CP] Embed Pods Frameworks";
			outputPaths = (
				"${TARGET_BUILD_DIR}/${FRAMEWORKS_FOLDER_PATH}/Alamofire.framework",
				"${TARGET_BUILD_DIR}/${FRAMEWORKS_FOLDER_PATH}/SVProgressHUD.framework",
				"${TARGET_BUILD_DIR}/${FRAMEWORKS_FOLDER_PATH}/SwiftyJSON.framework",
			);
			runOnlyForDeploymentPostprocessing = 0;
			shellPath = /bin/sh;
			shellScript = "\"${SRCROOT}/Pods/Target Support Files/Pods-Cryptocurrency Ticker/Pods-Cryptocurrency Ticker-frameworks.sh\"\n";
			showEnvVarsInLog = 0;
		};
		B08302CB0290D0AD55A86B2F /* [CP] Check Pods Manifest.lock */ = {
			isa = PBXShellScriptBuildPhase;
			buildActionMask = 2147483647;
			files = (
			);
			inputPaths = (
				"${PODS_PODFILE_DIR_PATH}/Podfile.lock",
				"${PODS_ROOT}/Manifest.lock",
			);
			name = "[CP] Check Pods Manifest.lock";
			outputPaths = (
				"$(DERIVED_FILE_DIR)/Pods-Cryptocurrency Ticker-checkManifestLockResult.txt",
			);
			runOnlyForDeploymentPostprocessing = 0;
			shellPath = /bin/sh;
			shellScript = "diff \"${PODS_PODFILE_DIR_PATH}/Podfile.lock\" \"${PODS_ROOT}/Manifest.lock\" > /dev/null\nif [ $? != 0 ] ; then\n    # print error to STDERR\n    echo \"error: The sandbox is not in sync with the Podfile.lock. Run 'pod install' or update your CocoaPods installation.\" >&2\n    exit 1\nfi\n# This output is used by Xcode 'outputs' to avoid re-running this script phase.\necho \"SUCCESS\" > \"${SCRIPT_OUTPUT_FILE_0}\"\n";
			showEnvVarsInLog = 0;
		};
/* End PBXShellScriptBuildPhase section */

/* Begin PBXSourcesBuildPhase section */
		C881898120B6CCF7005373B4 /* Sources */ = {
			isa = PBXSourcesBuildPhase;
			buildActionMask = 2147483647;
			files = (
				C881898B20B6CCF7005373B4 /* ViewController.swift in Sources */,
				C881898920B6CCF7005373B4 /* AppDelegate.swift in Sources */,
			);
			runOnlyForDeploymentPostprocessing = 0;
		};
/* End PBXSourcesBuildPhase section */

/* Begin PBXVariantGroup section */
		C881898C20B6CCF7005373B4 /* Main.storyboard */ = {
			isa = PBXVariantGroup;
			children = (
				C881898D20B6CCF7005373B4 /* Base */,
			);
			name = Main.storyboard;
			sourceTree = "<group>";
		};
		C881899120B6CCF7005373B4 /* LaunchScreen.storyboard */ = {
			isa = PBXVariantGroup;
			children = (
				C881899220B6CCF7005373B4 /* Base */,
			);
			name = LaunchScreen.storyboard;
			sourceTree = "<group>";
		};
/* End PBXVariantGroup section */

/* Begin XCBuildConfiguration section */
		C881899520B6CCF7005373B4 /* Debug */ = {
			isa = XCBuildConfiguration;
			buildSettings = {
				ALWAYS_SEARCH_USER_PATHS = NO;
				CLANG_ANALYZER_NONNULL = YES;
				CLANG_ANALYZER_NUMBER_OBJECT_CONVERSION = YES_AGGRESSIVE;
				CLANG_CXX_LANGUAGE_STANDARD = "gnu++14";
				CLANG_CXX_LIBRARY = "libc++";
				CLANG_ENABLE_MODULES = YES;
				CLANG_ENABLE_OBJC_ARC = YES;
				CLANG_ENABLE_OBJC_WEAK = YES;
				CLANG_WARN_BLOCK_CAPTURE_AUTORELEASING = YES;
				CLANG_WARN_BOOL_CONVERSION = YES;
				CLANG_WARN_COMMA = YES;
				CLANG_WARN_CONSTANT_CONVERSION = YES;
				CLANG_WARN_DEPRECATED_OBJC_IMPLEMENTATIONS = YES;
				CLANG_WARN_DIRECT_OBJC_ISA_USAGE = YES_ERROR;
				CLANG_WARN_DOCUMENTATION_COMMENTS = YES;
				CLANG_WARN_EMPTY_BODY = YES;
				CLANG_WARN_ENUM_CONVERSION = YES;
				CLANG_WARN_INFINITE_RECURSION = YES;
				CLANG_WARN_INT_CONVERSION = YES;
				CLANG_WARN_NON_LITERAL_NULL_CONVERSION = YES;
				CLANG_WARN_OBJC_IMPLICIT_RETAIN_SELF = YES;
				CLANG_WARN_OBJC_LITERAL_CONVERSION = YES;
				CLANG_WARN_OBJC_ROOT_CLASS = YES_ERROR;
				CLANG_WARN_RANGE_LOOP_ANALYSIS = YES;
				CLANG_WARN_STRICT_PROTOTYPES = YES;
				CLANG_WARN_SUSPICIOUS_MOVE = YES;
				CLANG_WARN_UNGUARDED_AVAILABILITY = YES_AGGRESSIVE;
				CLANG_WARN_UNREACHABLE_CODE = YES;
				CLANG_WARN__DUPLICATE_METHOD_MATCH = YES;
				CODE_SIGN_IDENTITY = "iPhone Developer";
				COPY_PHASE_STRIP = NO;
				DEBUG_INFORMATION_FORMAT = dwarf;
				ENABLE_STRICT_OBJC_MSGSEND = YES;
				ENABLE_TESTABILITY = YES;
				GCC_C_LANGUAGE_STANDARD = gnu11;
				GCC_DYNAMIC_NO_PIC = NO;
				GCC_NO_COMMON_BLOCKS = YES;
				GCC_OPTIMIZATION_LEVEL = 0;
				GCC_PREPROCESSOR_DEFINITIONS = (
					"DEBUG=1",
					"$(inherited)",
				);
				GCC_WARN_64_TO_32_BIT_CONVERSION = YES;
				GCC_WARN_ABOUT_RETURN_TYPE = YES_ERROR;
				GCC_WARN_UNDECLARED_SELECTOR = YES;
				GCC_WARN_UNINITIALIZED_AUTOS = YES_AGGRESSIVE;
				GCC_WARN_UNUSED_FUNCTION = YES;
				GCC_WARN_UNUSED_VARIABLE = YES;
				IPHONEOS_DEPLOYMENT_TARGET = 11.3;
				MTL_ENABLE_DEBUG_INFO = YES;
				ONLY_ACTIVE_ARCH = YES;
				SDKROOT = iphoneos;
				SWIFT_ACTIVE_COMPILATION_CONDITIONS = DEBUG;
				SWIFT_OPTIMIZATION_LEVEL = "-Onone";
			};
			name = Debug;
		};
		C881899620B6CCF7005373B4 /* Release */ = {
			isa = XCBuildConfiguration;
			buildSettings = {
				ALWAYS_SEARCH_USER_PATHS = NO;
				CLANG_ANALYZER_NONNULL = YES;
				CLANG_ANALYZER_NUMBER_OBJECT_CONVERSION = YES_AGGRESSIVE;
				CLANG_CXX_LANGUAGE_STANDARD = "gnu++14";
				CLANG_CXX_LIBRARY = "libc++";
				CLANG_ENABLE_MODULES = YES;
				CLANG_ENABLE_OBJC_ARC = YES;
				CLANG_ENABLE_OBJC_WEAK = YES;
				CLANG_WARN_BLOCK_CAPTURE_AUTORELEASING = YES;
				CLANG_WARN_BOOL_CONVERSION = YES;
				CLANG_WARN_COMMA = YES;
				CLANG_WARN_CONSTANT_CONVERSION = YES;
				CLANG_WARN_DEPRECATED_OBJC_IMPLEMENTATIONS = YES;
				CLANG_WARN_DIRECT_OBJC_ISA_USAGE = YES_ERROR;
				CLANG_WARN_DOCUMENTATION_COMMENTS = YES;
				CLANG_WARN_EMPTY_BODY = YES;
				CLANG_WARN_ENUM_CONVERSION = YES;
				CLANG_WARN_INFINITE_RECURSION = YES;
				CLANG_WARN_INT_CONVERSION = YES;
				CLANG_WARN_NON_LITERAL_NULL_CONVERSION = YES;
				CLANG_WARN_OBJC_IMPLICIT_RETAIN_SELF = YES;
				CLANG_WARN_OBJC_LITERAL_CONVERSION = YES;
				CLANG_WARN_OBJC_ROOT_CLASS = YES_ERROR;
				CLANG_WARN_RANGE_LOOP_ANALYSIS = YES;
				CLANG_WARN_STRICT_PROTOTYPES = YES;
				CLANG_WARN_SUSPICIOUS_MOVE = YES;
				CLANG_WARN_UNGUARDED_AVAILABILITY = YES_AGGRESSIVE;
				CLANG_WARN_UNREACHABLE_CODE = YES;
				CLANG_WARN__DUPLICATE_METHOD_MATCH = YES;
				CODE_SIGN_IDENTITY = "iPhone Developer";
				COPY_PHASE_STRIP = NO;
				DEBUG_INFORMATION_FORMAT = "dwarf-with-dsym";
				ENABLE_NS_ASSERTIONS = NO;
				ENABLE_STRICT_OBJC_MSGSEND = YES;
				GCC_C_LANGUAGE_STANDARD = gnu11;
				GCC_NO_COMMON_BLOCKS = YES;
				GCC_WARN_64_TO_32_BIT_CONVERSION = YES;
				GCC_WARN_ABOUT_RETURN_TYPE = YES_ERROR;
				GCC_WARN_UNDECLARED_SELECTOR = YES;
				GCC_WARN_UNINITIALIZED_AUTOS = YES_AGGRESSIVE;
				GCC_WARN_UNUSED_FUNCTION = YES;
				GCC_WARN_UNUSED_VARIABLE = YES;
				IPHONEOS_DEPLOYMENT_TARGET = 11.3;
				MTL_ENABLE_DEBUG_INFO = NO;
				SDKROOT = iphoneos;
				SWIFT_COMPILATION_MODE = wholemodule;
				SWIFT_OPTIMIZATION_LEVEL = "-O";
				VALIDATE_PRODUCT = YES;
			};
			name = Release;
		};
		C881899820B6CCF7005373B4 /* Debug */ = {
			isa = XCBuildConfiguration;
			baseConfigurationReference = F8835F43DB7CF60B8F062811 /* Pods-Cryptocurrency Ticker.debug.xcconfig */;
			buildSettings = {
				ASSETCATALOG_COMPILER_APPICON_NAME = AppIcon;
				CODE_SIGN_STYLE = Automatic;
				DEVELOPMENT_TEAM = BRUZ42SH8K;
				INFOPLIST_FILE = "Cryptocurrency Ticker/Info.plist";
				LD_RUNPATH_SEARCH_PATHS = "$(inherited) @executable_path/Frameworks";
				PRODUCT_BUNDLE_IDENTIFIER = "com.LiroyYarimi.Cryptocurrency-Ticker";
				PRODUCT_NAME = "$(TARGET_NAME)";
				SWIFT_VERSION = 4.0;
				TARGETED_DEVICE_FAMILY = 1;
			};
			name = Debug;
		};
		C881899920B6CCF7005373B4 /* Release */ = {
			isa = XCBuildConfiguration;
			baseConfigurationReference = 58DA8EB6AB2186BE52CF7092 /* Pods-Cryptocurrency Ticker.release.xcconfig */;
			buildSettings = {
				ASSETCATALOG_COMPILER_APPICON_NAME = AppIcon;
				CODE_SIGN_STYLE = Automatic;
				DEVELOPMENT_TEAM = BRUZ42SH8K;
				INFOPLIST_FILE = "Cryptocurrency Ticker/Info.plist";
				LD_RUNPATH_SEARCH_PATHS = "$(inherited) @executable_path/Frameworks";
				PRODUCT_BUNDLE_IDENTIFIER = "com.LiroyYarimi.Cryptocurrency-Ticker";
				PRODUCT_NAME = "$(TARGET_NAME)";
				SWIFT_VERSION = 4.0;
				TARGETED_DEVICE_FAMILY = 1;
			};
			name = Release;
		};
/* End XCBuildConfiguration section */

/* Begin XCConfigurationList section */
		C881898020B6CCF6005373B4 /* Build configuration list for PBXProject "Cryptocurrency Ticker" */ = {
			isa = XCConfigurationList;
			buildConfigurations = (
				C881899520B6CCF7005373B4 /* Debug */,
				C881899620B6CCF7005373B4 /* Release */,
			);
			defaultConfigurationIsVisible = 0;
			defaultConfigurationName = Release;
		};
		C881899720B6CCF7005373B4 /* Build configuration list for PBXNativeTarget "Cryptocurrency Ticker" */ = {
			isa = XCConfigurationList;
			buildConfigurations = (
				C881899820B6CCF7005373B4 /* Debug */,
				C881899920B6CCF7005373B4 /* Release */,
			);
			defaultConfigurationIsVisible = 0;
			defaultConfigurationName = Release;
		};
/* End XCConfigurationList section */
	};
	rootObject = C881897D20B6CCF6005373B4 /* Project object */;
}
